// !$*UTF8*$!
{
	archiveVersion = 1;
	classes = {
	};
	objectVersion = 46;
	objects = {

/* Begin PBXBuildFile section */
		C6FF10661D5AC3EF0099BB7E /* main.m in Sources */ = {isa = PBXBuildFile; fileRef = C6FF10651D5AC3EF0099BB7E /* main.m */; };
		C6FF10691D5AC3EF0099BB7E /* AppDelegate.m in Sources */ = {isa = PBXBuildFile; fileRef = C6FF10681D5AC3EF0099BB7E /* AppDelegate.m */; };
		C6FF106C1D5AC3EF0099BB7E /* ViewController.m in Sources */ = {isa = PBXBuildFile; fileRef = C6FF106B1D5AC3EF0099BB7E /* ViewController.m */; };
		C6FF106F1D5AC3EF0099BB7E /* Main.storyboard in Resources */ = {isa = PBXBuildFile; fileRef = C6FF106D1D5AC3EF0099BB7E /* Main.storyboard */; };
		C6FF10711D5AC3EF0099BB7E /* Assets.xcassets in Resources */ = {isa = PBXBuildFile; fileRef = C6FF10701D5AC3EF0099BB7E /* Assets.xcassets */; };
		C6FF10741D5AC3EF0099BB7E /* LaunchScreen.storyboard in Resources */ = {isa = PBXBuildFile; fileRef = C6FF10721D5AC3EF0099BB7E /* LaunchScreen.storyboard */; };
		C6FF107F1D5AC3EF0099BB7E /* tabtextTests.m in Sources */ = {isa = PBXBuildFile; fileRef = C6FF107E1D5AC3EF0099BB7E /* tabtextTests.m */; };
		C6FF108A1D5AC3EF0099BB7E /* tabtextUITests.m in Sources */ = {isa = PBXBuildFile; fileRef = C6FF10891D5AC3EF0099BB7E /* tabtextUITests.m */; };
		C6FF10981D5AC4850099BB7E /* 0.jpg in Resources */ = {isa = PBXBuildFile; fileRef = C6FF10971D5AC4850099BB7E /* 0.jpg */; };
		C6FF109B1D5AE8410099BB7E /* NextViewController.m in Sources */ = {isa = PBXBuildFile; fileRef = C6FF109A1D5AE8410099BB7E /* NextViewController.m */; };
/* End PBXBuildFile section */

/* Begin PBXContainerItemProxy section */
		C6FF107B1D5AC3EF0099BB7E /* PBXContainerItemProxy */ = {
			isa = PBXContainerItemProxy;
			containerPortal = C6FF10591D5AC3EF0099BB7E /* Project object */;
			proxyType = 1;
			remoteGlobalIDString = C6FF10601D5AC3EF0099BB7E;
			remoteInfo = tabtext;
		};
		C6FF10861D5AC3EF0099BB7E /* PBXContainerItemProxy */ = {
			isa = PBXContainerItemProxy;
			containerPortal = C6FF10591D5AC3EF0099BB7E /* Project object */;
			proxyType = 1;
			remoteGlobalIDString = C6FF10601D5AC3EF0099BB7E;
			remoteInfo = tabtext;
		};
/* End PBXContainerItemProxy section */

/* Begin PBXFileReference section */
		C6FF10611D5AC3EF0099BB7E /* tabtext.app */ = {isa = PBXFileReference; explicitFileType = wrapper.application; includeInIndex = 0; path = tabtext.app; sourceTree = BUILT_PRODUCTS_DIR; };
		C6FF10651D5AC3EF0099BB7E /* main.m */ = {isa = PBXFileReference; lastKnownFileType = sourcecode.c.objc; path = main.m; sourceTree = "<group>"; };
		C6FF10671D5AC3EF0099BB7E /* AppDelegate.h */ = {isa = PBXFileReference; lastKnownFileType = sourcecode.c.h; path = AppDelegate.h; sourceTree = "<group>"; };
		C6FF10681D5AC3EF0099BB7E /* AppDelegate.m */ = {isa = PBXFileReference; lastKnownFileType = sourcecode.c.objc; path = AppDelegate.m; sourceTree = "<group>"; };
		C6FF106A1D5AC3EF0099BB7E /* ViewController.h */ = {isa = PBXFileReference; lastKnownFileType = sourcecode.c.h; path = ViewController.h; sourceTree = "<group>"; };
		C6FF106B1D5AC3EF0099BB7E /* ViewController.m */ = {isa = PBXFileReference; lastKnownFileType = sourcecode.c.objc; path = ViewController.m; sourceTree = "<group>"; };
		C6FF106E1D5AC3EF0099BB7E /* Base */ = {isa = PBXFileReference; lastKnownFileType = file.storyboard; name = Base; path = Base.lproj/Main.storyboard; sourceTree = "<group>"; };
		C6FF10701D5AC3EF0099BB7E /* Assets.xcassets */ = {isa = PBXFileReference; lastKnownFileType = folder.assetcatalog; path = Assets.xcassets; sourceTree = "<group>"; };
		C6FF10731D5AC3EF0099BB7E /* Base */ = {isa = PBXFileReference; lastKnownFileType = file.storyboard; name = Base; path = Base.lproj/LaunchScreen.storyboard; sourceTree = "<group>"; };
		C6FF10751D5AC3EF0099BB7E /* Info.plist */ = {isa = PBXFileReference; lastKnownFileType = text.plist.xml; path = Info.plist; sourceTree = "<group>"; };
		C6FF107A1D5AC3EF0099BB7E /* tabtextTests.xctest */ = {isa = PBXFileReference; explicitFileType = wrapper.cfbundle; includeInIndex = 0; path = tabtextTests.xctest; sourceTree = BUILT_PRODUCTS_DIR; };
		C6FF107E1D5AC3EF0099BB7E /* tabtextTests.m */ = {isa = PBXFileReference; lastKnownFileType = sourcecode.c.objc; path = tabtextTests.m; sourceTree = "<group>"; };
		C6FF10801D5AC3EF0099BB7E /* Info.plist */ = {isa = PBXFileReference; lastKnownFileType = text.plist.xml; path = Info.plist; sourceTree = "<group>"; };
		C6FF10851D5AC3EF0099BB7E /* tabtextUITests.xctest */ = {isa = PBXFileReference; explicitFileType = wrapper.cfbundle; includeInIndex = 0; path = tabtextUITests.xctest; sourceTree = BUILT_PRODUCTS_DIR; };
		C6FF10891D5AC3EF0099BB7E /* tabtextUITests.m */ = {isa = PBXFileReference; lastKnownFileType = sourcecode.c.objc; path = tabtextUITests.m; sourceTree = "<group>"; };
		C6FF108B1D5AC3EF0099BB7E /* Info.plist */ = {isa = PBXFileReference; lastKnownFileType = text.plist.xml; path = Info.plist; sourceTree = "<group>"; };
		C6FF10971D5AC4850099BB7E /* 0.jpg */ = {isa = PBXFileReference; lastKnownFileType = image.jpeg; path = 0.jpg; sourceTree = "<group>"; };
		C6FF10991D5AE8410099BB7E /* NextViewController.h */ = {isa = PBXFileReference; fileEncoding = 4; lastKnownFileType = sourcecode.c.h; path = NextViewController.h; sourceTree = "<group>"; };
		C6FF109A1D5AE8410099BB7E /* NextViewController.m */ = {isa = PBXFileReference; fileEncoding = 4; lastKnownFileType = sourcecode.c.objc; path = NextViewController.m; sourceTree = "<group>"; };
/* End PBXFileReference section */

/* Begin PBXFrameworksBuildPhase section */
		C6FF105E1D5AC3EF0099BB7E /* Frameworks */ = {
			isa = PBXFrameworksBuildPhase;
			buildActionMask = 2147483647;
			files = (
			);
			runOnlyForDeploymentPostprocessing = 0;
		};
		C6FF10771D5AC3EF0099BB7E /* Frameworks */ = {
			isa = PBXFrameworksBuildPhase;
			buildActionMask = 2147483647;
			files = (
			);
			runOnlyForDeploymentPostprocessing = 0;
		};
		C6FF10821D5AC3EF0099BB7E /* Frameworks */ = {
			isa = PBXFrameworksBuildPhase;
			buildActionMask = 2147483647;
			files = (
			);
			runOnlyForDeploymentPostprocessing = 0;
		};
/* End PBXFrameworksBuildPhase section */

/* Begin PBXGroup section */
		C6FF10581D5AC3EF0099BB7E = {
			isa = PBXGroup;
			children = (
				C6FF10631D5AC3EF0099BB7E /* tabtext */,
				C6FF107D1D5AC3EF0099BB7E /* tabtextTests */,
				C6FF10881D5AC3EF0099BB7E /* tabtextUITests */,
				C6FF10621D5AC3EF0099BB7E /* Products */,
			);
			sourceTree = "<group>";
		};
		C6FF10621D5AC3EF0099BB7E /* Products */ = {
			isa = PBXGroup;
			children = (
				C6FF10611D5AC3EF0099BB7E /* tabtext.app */,
				C6FF107A1D5AC3EF0099BB7E /* tabtextTests.xctest */,
				C6FF10851D5AC3EF0099BB7E /* tabtextUITests.xctest */,
			);
			name = Products;
			sourceTree = "<group>";
		};
		C6FF10631D5AC3EF0099BB7E /* tabtext */ = {
			isa = PBXGroup;
			children = (
				C6FF10971D5AC4850099BB7E /* 0.jpg */,
				C6FF10671D5AC3EF0099BB7E /* AppDelegate.h */,
				C6FF10681D5AC3EF0099BB7E /* AppDelegate.m */,
				C6FF106A1D5AC3EF0099BB7E /* ViewController.h */,
				C6FF106B1D5AC3EF0099BB7E /* ViewController.m */,
				C6FF10991D5AE8410099BB7E /* NextViewController.h */,
				C6FF109A1D5AE8410099BB7E /* NextViewController.m */,
				C6FF106D1D5AC3EF0099BB7E /* Main.storyboard */,
				C6FF10701D5AC3EF0099BB7E /* Assets.xcassets */,
				C6FF10721D5AC3EF0099BB7E /* LaunchScreen.storyboard */,
				C6FF10751D5AC3EF0099BB7E /* Info.plist */,
				C6FF10641D5AC3EF0099BB7E /* Supporting Files */,
			);
			path = tabtext;
			sourceTree = "<group>";
		};
		C6FF10641D5AC3EF0099BB7E /* Supporting Files */ = {
			isa = PBXGroup;
			children = (
				C6FF10651D5AC3EF0099BB7E /* main.m */,
			);
			name = "Supporting Files";
			sourceTree = "<group>";
		};
		C6FF107D1D5AC3EF0099BB7E /* tabtextTests */ = {
			isa = PBXGroup;
			children = (
				C6FF107E1D5AC3EF0099BB7E /* tabtextTests.m */,
				C6FF10801D5AC3EF0099BB7E /* Info.plist */,
			);
			path = tabtextTests;
			sourceTree = "<group>";
		};
		C6FF10881D5AC3EF0099BB7E /* tabtextUITests */ = {
			isa = PBXGroup;
			children = (
				C6FF10891D5AC3EF0099BB7E /* tabtextUITests.m */,
				C6FF108B1D5AC3EF0099BB7E /* Info.plist */,
			);
			path = tabtextUITests;
			sourceTree = "<group>";
		};
/* End PBXGroup section */

/* Begin PBXNativeTarget section */
		C6FF10601D5AC3EF0099BB7E /* tabtext */ = {
			isa = PBXNativeTarget;
			buildConfigurationList = C6FF108E1D5AC3EF0099BB7E /* Build configuration list for PBXNativeTarget "tabtext" */;
			buildPhases = (
				C6FF105D1D5AC3EF0099BB7E /* Sources */,
				C6FF105E1D5AC3EF0099BB7E /* Frameworks */,
				C6FF105F1D5AC3EF0099BB7E /* Resources */,
			);
			buildRules = (
			);
			dependencies = (
			);
			name = tabtext;
			productName = tabtext;
			productReference = C6FF10611D5AC3EF0099BB7E /* tabtext.app */;
			productType = "com.apple.product-type.application";
		};
		C6FF10791D5AC3EF0099BB7E /* tabtextTests */ = {
			isa = PBXNativeTarget;
			buildConfigurationList = C6FF10911D5AC3EF0099BB7E /* Build configuration list for PBXNativeTarget "tabtextTests" */;
			buildPhases = (
				C6FF10761D5AC3EF0099BB7E /* Sources */,
				C6FF10771D5AC3EF0099BB7E /* Frameworks */,
				C6FF10781D5AC3EF0099BB7E /* Resources */,
			);
			buildRules = (
			);
			dependencies = (
				C6FF107C1D5AC3EF0099BB7E /* PBXTargetDependency */,
			);
			name = tabtextTests;
			productName = tabtextTests;
			productReference = C6FF107A1D5AC3EF0099BB7E /* tabtextTests.xctest */;
			productType = "com.apple.product-type.bundle.unit-test";
		};
		C6FF10841D5AC3EF0099BB7E /* tabtextUITests */ = {
			isa = PBXNativeTarget;
			buildConfigurationList = C6FF10941D5AC3EF0099BB7E /* Build configuration list for PBXNativeTarget "tabtextUITests" */;
			buildPhases = (
				C6FF10811D5AC3EF0099BB7E /* Sources */,
				C6FF10821D5AC3EF0099BB7E /* Frameworks */,
				C6FF10831D5AC3EF0099BB7E /* Resources */,
			);
			buildRules = (
			);
			dependencies = (
				C6FF10871D5AC3EF0099BB7E /* PBXTargetDependency */,
			);
			name = tabtextUITests;
			productName = tabtextUITests;
			productReference = C6FF10851D5AC3EF0099BB7E /* tabtextUITests.xctest */;
			productType = "com.apple.product-type.bundle.ui-testing";
		};
/* End PBXNativeTarget section */

/* Begin PBXProject section */
		C6FF10591D5AC3EF0099BB7E /* Project object */ = {
			isa = PBXProject;
			attributes = {
				LastUpgradeCheck = 0720;
				ORGANIZATIONNAME = LNXD1;
				TargetAttributes = {
					C6FF10601D5AC3EF0099BB7E = {
						CreatedOnToolsVersion = 7.2.1;
					};
					C6FF10791D5AC3EF0099BB7E = {
						CreatedOnToolsVersion = 7.2.1;
						TestTargetID = C6FF10601D5AC3EF0099BB7E;
					};
					C6FF10841D5AC3EF0099BB7E = {
						CreatedOnToolsVersion = 7.2.1;
						TestTargetID = C6FF10601D5AC3EF0099BB7E;
					};
				};
			};
			buildConfigurationList = C6FF105C1D5AC3EF0099BB7E /* Build configuration list for PBXProject "tabtext" */;
			compatibilityVersion = "Xcode 3.2";
			developmentRegion = English;
			hasScannedForEncodings = 0;
			knownRegions = (
				en,
				Base,
			);
			mainGroup = C6FF10581D5AC3EF0099BB7E;
			productRefGroup = C6FF10621D5AC3EF0099BB7E /* Products */;
			projectDirPath = "";
			projectRoot = "";
			targets = (
				C6FF10601D5AC3EF0099BB7E /* tabtext */,
				C6FF10791D5AC3EF0099BB7E /* tabtextTests */,
				C6FF10841D5AC3EF0099BB7E /* tabtextUITests */,
			);
		};
/* End PBXProject section */

/* Begin PBXResourcesBuildPhase section */
		C6FF105F1D5AC3EF0099BB7E /* Resources */ = {
			isa = PBXResourcesBuildPhase;
			buildActionMask = 2147483647;
			files = (
				C6FF10981D5AC4850099BB7E /* 0.jpg in Resources */,
				C6FF10741D5AC3EF0099BB7E /* LaunchScreen.storyboard in Resources */,
				C6FF10711D5AC3EF0099BB7E /* Assets.xcassets in Resources */,
				C6FF106F1D5AC3EF0099BB7E /* Main.storyboard in Resources */,
			);
			runOnlyForDeploymentPostprocessing = 0;
		};
		C6FF10781D5AC3EF0099BB7E /* Resources */ = {
			isa = PBXResourcesBuildPhase;
			buildActionMask = 2147483647;
			files = (
			);
			runOnlyForDeploymentPostprocessing = 0;
		};
		C6FF10831D5AC3EF0099BB7E /* Resources */ = {
			isa = PBXResourcesBuildPhase;
			buildActionMask = 2147483647;
			files = (
			);
			runOnlyForDeploymentPostprocessing = 0;
		};
/* End PBXResourcesBuildPhase section */

/* Begin PBXSourcesBuildPhase section */
		C6FF105D1D5AC3EF0099BB7E /* Sources */ = {
			isa = PBXSourcesBuildPhase;
			buildActionMask = 2147483647;
			files = (
				C6FF106C1D5AC3EF0099BB7E /* ViewController.m in Sources */,
				C6FF109B1D5AE8410099BB7E /* NextViewController.m in Sources */,
				C6FF10691D5AC3EF0099BB7E /* AppDelegate.m in Sources */,
				C6FF10661D5AC3EF0099BB7E /* main.m in Sources */,
			);
			runOnlyForDeploymentPostprocessing = 0;
		};
		C6FF10761D5AC3EF0099BB7E /* Sources */ = {
			isa = PBXSourcesBuildPhase;
			buildActionMask = 2147483647;
			files = (
				C6FF107F1D5AC3EF0099BB7E /* tabtextTests.m in Sources */,
			);
			runOnlyForDeploymentPostprocessing = 0;
		};
		C6FF10811D5AC3EF0099BB7E /* Sources */ = {
			isa = PBXSourcesBuildPhase;
			buildActionMask = 2147483647;
			files = (
				C6FF108A1D5AC3EF0099BB7E /* tabtextUITests.m in Sources */,
			);
			runOnlyForDeploymentPostprocessing = 0;
		};
/* End PBXSourcesBuildPhase section */

/* Begin PBXTargetDependency section */
		C6FF107C1D5AC3EF0099BB7E /* PBXTargetDependency */ = {
			isa = PBXTargetDependency;
			target = C6FF10601D5AC3EF0099BB7E /* tabtext */;
			targetProxy = C6FF107B1D5AC3EF0099BB7E /* PBXContainerItemProxy */;
		};
		C6FF10871D5AC3EF0099BB7E /* PBXTargetDependency */ = {
			isa = PBXTargetDependency;
			target = C6FF10601D5AC3EF0099BB7E /* tabtext */;
			targetProxy = C6FF10861D5AC3EF0099BB7E /* PBXContainerItemProxy */;
		};
/* End PBXTargetDependency section */

/* Begin PBXVariantGroup section */
		C6FF106D1D5AC3EF0099BB7E /* Main.storyboard */ = {
			isa = PBXVariantGroup;
			children = (
				C6FF106E1D5AC3EF0099BB7E /* Base */,
			);
			name = Main.storyboard;
			sourceTree = "<group>";
		};
		C6FF10721D5AC3EF0099BB7E /* LaunchScreen.storyboard */ = {
			isa = PBXVariantGroup;
			children = (
				C6FF10731D5AC3EF0099BB7E /* Base */,
			);
			name = LaunchScreen.storyboard;
			sourceTree = "<group>";
		};
/* End PBXVariantGroup section */

/* Begin XCBuildConfiguration section */
		C6FF108C1D5AC3EF0099BB7E /* Debug */ = {
			isa = XCBuildConfiguration;
			buildSettings = {
				ALWAYS_SEARCH_USER_PATHS = NO;
				CLANG_CXX_LANGUAGE_STANDARD = "gnu++0x";
				CLANG_CXX_LIBRARY = "libc++";
				CLANG_ENABLE_MODULES = YES;
				CLANG_ENABLE_OBJC_ARC = YES;
				CLANG_WARN_BOOL_CONVERSION = YES;
				CLANG_WARN_CONSTANT_CONVERSION = YES;
				CLANG_WARN_DIRECT_OBJC_ISA_USAGE = YES_ERROR;
				CLANG_WARN_EMPTY_BODY = YES;
				CLANG_WARN_ENUM_CONVERSION = YES;
				CLANG_WARN_INT_CONVERSION = YES;
				CLANG_WARN_OBJC_ROOT_CLASS = YES_ERROR;
				CLANG_WARN_UNREACHABLE_CODE = YES;
				CLANG_WARN__DUPLICATE_METHOD_MATCH = YES;
				"CODE_SIGN_IDENTITY[sdk=iphoneos*]" = "iPhone Developer";
				COPY_PHASE_STRIP = NO;
				DEBUG_INFORMATION_FORMAT = dwarf;
				ENABLE_STRICT_OBJC_MSGSEND = YES;
				ENABLE_TESTABILITY = YES;
				GCC_C_LANGUAGE_STANDARD = gnu99;
				GCC_DYNAMIC_NO_PIC = NO;
				GCC_NO_COMMON_BLOCKS = YES;
				GCC_OPTIMIZATION_LEVEL = 0;
				GCC_PREPROCESSOR_DEFINITIONS = (
					"DEBUG=1",
					"$(inherited)",
				);
				GCC_WARN_64_TO_32_BIT_CONVERSION = YES;
				GCC_WARN_ABOUT_RETURN_TYPE = YES_ERROR;
				GCC_WARN_UNDECLARED_SELECTOR = YES;
				GCC_WARN_UNINITIALIZED_AUTOS = YES_AGGRESSIVE;
				GCC_WARN_UNUSED_FUNCTION = YES;
				GCC_WARN_UNUSED_VARIABLE = YES;
				IPHONEOS_DEPLOYMENT_TARGET = 9.2;
				MTL_ENABLE_DEBUG_INFO = YES;
				ONLY_ACTIVE_ARCH = YES;
				SDKROOT = iphoneos;
				TARGETED_DEVICE_FAMILY = "1,2";
			};
			name = Debug;
		};
		C6FF108D1D5AC3EF0099BB7E /* Release */ = {
			isa = XCBuildConfiguration;
			buildSettings = {
				ALWAYS_SEARCH_USER_PATHS = NO;
				CLANG_CXX_LANGUAGE_STANDARD = "gnu++0x";
				CLANG_CXX_LIBRARY = "libc++";
				CLANG_ENABLE_MODULES = YES;
				CLANG_ENABLE_OBJC_ARC = YES;
				CLANG_WARN_BOOL_CONVERSION = YES;
				CLANG_WARN_CONSTANT_CONVERSION = YES;
				CLANG_WARN_DIRECT_OBJC_ISA_USAGE = YES_ERROR;
				CLANG_WARN_EMPTY_BODY = YES;
				CLANG_WARN_ENUM_CONVERSION = YES;
				CLANG_WARN_INT_CONVERSION = YES;
				CLANG_WARN_OBJC_ROOT_CLASS = YES_ERROR;
				CLANG_WARN_UNREACHABLE_CODE = YES;
				CLANG_WARN__DUPLICATE_METHOD_MATCH = YES;
				"CODE_SIGN_IDENTITY[sdk=iphoneos*]" = "iPhone Developer";
				COPY_PHASE_STRIP = NO;
				DEBUG_INFORMATION_FORMAT = "dwarf-with-dsym";
				ENABLE_NS_ASSERTIONS = NO;
				ENABLE_STRICT_OBJC_MSGSEND = YES;
				GCC_C_LANGUAGE_STANDARD = gnu99;
				GCC_NO_COMMON_BLOCKS = YES;
				GCC_WARN_64_TO_32_BIT_CONVERSION = YES;
				GCC_WARN_ABOUT_RETURN_TYPE = YES_ERROR;
				GCC_WARN_UNDECLARED_SELECTOR = YES;
				GCC_WARN_UNINITIALIZED_AUTOS = YES_AGGRESSIVE;
				GCC_WARN_UNUSED_FUNCTION = YES;
				GCC_WARN_UNUSED_VARIABLE = YES;
				IPHONEOS_DEPLOYMENT_TARGET = 9.2;
				MTL_ENABLE_DEBUG_INFO = NO;
				SDKROOT = iphoneos;
				TARGETED_DEVICE_FAMILY = "1,2";
				VALIDATE_PRODUCT = YES;
			};
			name = Release;
		};
		C6FF108F1D5AC3EF0099BB7E /* Debug */ = {
			isa = XCBuildConfiguration;
			buildSettings = {
				ASSETCATALOG_COMPILER_APPICON_NAME = AppIcon;
				CODE_SIGN_IDENTITY = "iPhone Developer";
				INFOPLIST_FILE = tabtext/Info.plist;
				IPHONEOS_DEPLOYMENT_TARGET = 8.4;
				LD_RUNPATH_SEARCH_PATHS = "$(inherited) @executable_path/Frameworks";
				PRODUCT_BUNDLE_IDENTIFIER = lnxd.tabtext;
				PRODUCT_NAME = "$(TARGET_NAME)";
			};
			name = Debug;
		};
		C6FF10901D5AC3EF0099BB7E /* Release */ = {
			isa = XCBuildConfiguration;
			buildSettings = {
				ASSETCATALOG_COMPILER_APPICON_NAME = AppIcon;
				CODE_SIGN_IDENTITY = "iPhone Developer";
				INFOPLIST_FILE = tabtext/Info.plist;
				IPHONEOS_DEPLOYMENT_TARGET = 8.4;
				LD_RUNPATH_SEARCH_PATHS = "$(inherited) @executable_path/Frameworks";
				PRODUCT_BUNDLE_IDENTIFIER = lnxd.tabtext;
				PRODUCT_NAME = "$(TARGET_NAME)";
			};
			name = Release;
		};
		C6FF10921D5AC3EF0099BB7E /* Debug */ = {
			isa = XCBuildConfiguration;
			buildSettings = {
				BUNDLE_LOADER = "$(TEST_HOST)";
				INFOPLIST_FILE = tabtextTests/Info.plist;
				LD_RUNPATH_SEARCH_PATHS = "$(inherited) @executable_path/Frameworks @loader_path/Frameworks";
				PRODUCT_BUNDLE_IDENTIFIER = lnxd.tabtextTests;
				PRODUCT_NAME = "$(TARGET_NAME)";
				TEST_HOST = "$(BUILT_PRODUCTS_DIR)/tabtext.app/tabtext";
			};
			name = Debug;
		};
		C6FF10931D5AC3EF0099BB7E /* Release */ = {
			isa = XCBuildConfiguration;
			buildSettings = {
				BUNDLE_LOADER = "$(TEST_HOST)";
				INFOPLIST_FILE = tabtextTests/Info.plist;
				LD_RUNPATH_SEARCH_PATHS = "$(inherited) @executable_path/Frameworks @loader_path/Frameworks";
				PRODUCT_BUNDLE_IDENTIFIER = lnxd.tabtextTests;
				PRODUCT_NAME = "$(TARGET_NAME)";
				TEST_HOST = "$(BUILT_PRODUCTS_DIR)/tabtext.app/tabtext";
			};
			name = Release;
		};
		C6FF10951D5AC3EF0099BB7E /* Debug */ = {
			isa = XCBuildConfiguration;
			buildSettings = {
				INFOPLIST_FILE = tabtextUITests/Info.plist;
				LD_RUNPATH_SEARCH_PATHS = "$(inherited) @executable_path/Frameworks @loader_path/Frameworks";
				PRODUCT_BUNDLE_IDENTIFIER = lnxd.tabtextUITests;
				PRODUCT_NAME = "$(TARGET_NAME)";
				TEST_TARGET_NAME = tabtext;
				USES_XCTRUNNER = YES;
			};
			name = Debug;
		};
		C6FF10961D5AC3EF0099BB7E /* Release */ = {
			isa = XCBuildConfiguration;
			buildSettings = {
				INFOPLIST_FILE = tabtextUITests/Info.plist;
				LD_RUNPATH_SEARCH_PATHS = "$(inherited) @executable_path/Frameworks @loader_path/Frameworks";
				PRODUCT_BUNDLE_IDENTIFIER = lnxd.tabtextUITests;
				PRODUCT_NAME = "$(TARGET_NAME)";
				TEST_TARGET_NAME = tabtext;
				USES_XCTRUNNER = YES;
			};
			name = Release;
		};
/* End XCBuildConfiguration section */

/* Begin XCConfigurationList section */
		C6FF105C1D5AC3EF0099BB7E /* Build configuration list for PBXProject "tabtext" */ = {
			isa = XCConfigurationList;
			buildConfigurations = (
				C6FF108C1D5AC3EF0099BB7E /* Debug */,
				C6FF108D1D5AC3EF0099BB7E /* Release */,
			);
			defaultConfigurationIsVisible = 0;
			defaultConfigurationName = Release;
		};
		C6FF108E1D5AC3EF0099BB7E /* Build configuration list for PBXNativeTarget "tabtext" */ = {
			isa = XCConfigurationList;
			buildConfigurations = (
				C6FF108F1D5AC3EF0099BB7E /* Debug */,
				C6FF10901D5AC3EF0099BB7E /* Release */,
			);
			defaultConfigurationIsVisible = 0;
			defaultConfigurationName = Release;
		};
		C6FF10911D5AC3EF0099BB7E /* Build configuration list for PBXNativeTarget "tabtextTests" */ = {
			isa = XCConfigurationList;
			buildConfigurations = (
				C6FF10921D5AC3EF0099BB7E /* Debug */,
				C6FF10931D5AC3EF0099BB7E /* Release */,
			);
			defaultConfigurationIsVisible = 0;
			defaultConfigurationName = Release;
		};
		C6FF10941D5AC3EF0099BB7E /* Build configuration list for PBXNativeTarget "tabtextUITests" */ = {
			isa = XCConfigurationList;
			buildConfigurations = (
				C6FF10951D5AC3EF0099BB7E /* Debug */,
				C6FF10961D5AC3EF0099BB7E /* Release */,
			);
			defaultConfigurationIsVisible = 0;
			defaultConfigurationName = Release;
		};
/* End XCConfigurationList section */
	};
	rootObject = C6FF10591D5AC3EF0099BB7E /* Project object */;
}
